Microsoft Visual Studio Solution File, Format Version 12.00
# Visual Studio Version 17
VisualStudioVersion = 17.5.2.0
MinimumVisualStudioVersion = 10.0.40219.1
Project("{FAE04EC0-301F-11D3-BF4B-00C04F79EFBC}") = "CM2115-25-26-Assessment", "CM2115-25-26-Assessment.csproj", "{0202FE84-51D8-F1EA-51A8-6B7140064AE3}"
EndProject
Global
	GlobalSection(SolutionConfigurationPlatforms) = preSolution
		Debug|Any CPU = Debug|Any CPU
		Release|Any CPU = Release|Any CPU
	EndGlobalSection
	GlobalSection(ProjectConfigurationPlatforms) = postSolution
		{0202FE84-51D8-F1EA-51A8-6B7140064AE3}.Debug|Any CPU.ActiveCfg = Debug|Any CPU
		{0202FE84-51D8-F1EA-51A8-6B7140064AE3}.Debug|Any CPU.Build.0 = Debug|Any CPU
		{0202FE84-51D8-F1EA-51A8-6B7140064AE3}.Release|Any CPU.ActiveCfg = Release|Any CPU
		{0202FE84-51D8-F1EA-51A8-6B7140064AE3}.Release|Any CPU.Build.0 = Release|Any CPU
	EndGlobalSection
	GlobalSection(SolutionProperties) = preSolution
		HideSolutionNode = FALSE
	EndGlobalSection
	GlobalSection(ExtensibilityGlobals) = postSolution
		SolutionGuid = {2199F802-BAA1-45E3-9FEA-EE8E5F631A5F}
	EndGlobalSection
EndGlobal
